<?xml version="1.0" encoding="UTF-8"?>
<CONFIG>
  <ProjectOptions>
    <Version Value="10"/>
    <General>
      <SessionStorage Value="InProjectDir"/>
      <MainUnit Value="0"/>
      <Title Value="Tester"/>
      <ResourceType Value="res"/>
      <UseXPManifest Value="True"/>
      <Icon Value="0"/>
    </General>
    <i18n>
      <EnableI18N LFM="False"/>
    </i18n>
    <VersionInfo>
      <UseVersionInfo Value="True"/>
      <AutoIncrementBuild Value="True"/>
      <MajorVersionNr Value="1"/>
      <MinorVersionNr Value="2"/>
      <RevisionNr Value="1"/>
      <BuildNr Value="121"/>
      <Attributes pvaPreRelease="True"/>
      <StringTable Comments="Tester is a program to test the solutions for competitive programming problems locally." FileDescription="Tester" LegalCopyright="Copyright © 2017 Alexander Kernozhitsky" ProductName="Tester" ProductVersion="1.2.1 (prerelease)"/>
    </VersionInfo>
    <BuildModes Count="1">
      <Item1 Name="Default" Default="True"/>
    </BuildModes>
    <PublishOptions>
      <Version Value="2"/>
    </PublishOptions>
    <RunParams>
      <local>
        <FormatVersion Value="1"/>
        <LaunchingApplication Use="True"/>
      </local>
    </RunParams>
    <RequiredPackages Count="9">
      <Item1>
        <PackageName Value="ts_design"/>
        <DefaultFilename Value="ts_design/ts_design.lpk"/>
      </Item1>
      <Item2>
        <PackageName Value="ts_export"/>
        <DefaultFilename Value="ts_export/ts_export.lpk"/>
      </Item2>
      <Item3>
        <PackageName Value="ts_parsers"/>
        <DefaultFilename Value="ts_parsers/ts_parsers.lpk"/>
      </Item3>
      <Item4>
        <PackageName Value="ts_testerbase"/>
        <DefaultFilename Value="ts_testerbase/ts_testerbase.lpk"/>
      </Item4>
      <Item5>
        <PackageName Value="ts_testerutil"/>
        <DefaultFilename Value="ts_testerutil/ts_testerutil.lpk"/>
      </Item5>
      <Item6>
        <PackageName Value="ts_timerlib"/>
        <DefaultFilename Value="../timerlib/src/ts_timerlib.lpk"/>
      </Item6>
      <Item7>
        <PackageName Value="LazControls"/>
      </Item7>
      <Item8>
        <PackageName Value="SynEdit"/>
      </Item8>
      <Item9>
        <PackageName Value="LCL"/>
      </Item9>
    </RequiredPackages>
    <Units Count="24">
      <Unit0>
        <Filename Value="tester.lpr"/>
        <IsPartOfProject Value="True"/>
      </Unit0>
      <Unit1>
        <Filename Value="mainunit.pas"/>
        <IsPartOfProject Value="True"/>
        <ComponentName Value="MainForm"/>
        <HasResources Value="True"/>
        <ResourceBaseClass Value="Form"/>
      </Unit1>
      <Unit2>
        <Filename Value="propseditor.pas"/>
        <IsPartOfProject Value="True"/>
        <ComponentName Value="ProblemPropsEditor"/>
        <HasResources Value="True"/>
        <ResourceBaseClass Value="Frame"/>
      </Unit2>
      <Unit3>
        <Filename Value="testsdlg.pas"/>
        <IsPartOfProject Value="True"/>
        <ComponentName Value="TestDialog"/>
        <HasResources Value="True"/>
        <ResourceBaseClass Value="Form"/>
      </Unit3>
      <Unit4>
        <Filename Value="checkereditorbase.pas"/>
        <IsPartOfProject Value="True"/>
      </Unit4>
      <Unit5>
        <Filename Value="stdexecheckeredit.pas"/>
        <IsPartOfProject Value="True"/>
        <ComponentName Value="StdExecuteCheckerEdit"/>
        <HasResources Value="True"/>
        <ResourceBaseClass Value="Frame"/>
      </Unit5>
      <Unit6>
        <Filename Value="checkereditors.pas"/>
        <IsPartOfProject Value="True"/>
      </Unit6>
      <Unit7>
        <Filename Value="checkerselector.pas"/>
        <IsPartOfProject Value="True"/>
        <ComponentName Value="CheckerSelect"/>
        <HasResources Value="True"/>
        <ResourceBaseClass Value="Frame"/>
      </Unit7>
      <Unit8>
        <Filename Value="srcviewer.pas"/>
        <IsPartOfProject Value="True"/>
        <ComponentName Value="SourceViewer"/>
        <HasResources Value="True"/>
        <ResourceBaseClass Value="Form"/>
      </Unit8>
      <Unit9>
        <Filename Value="testerframes.pas"/>
        <IsPartOfProject Value="True"/>
        <ComponentName Value="TesterFrame"/>
        <HasResources Value="True"/>
        <ResourceBaseClass Value="Frame"/>
      </Unit9>
      <Unit10>
        <Filename Value="compilerinfo.pas"/>
        <IsPartOfProject Value="True"/>
        <ComponentName Value="CompilerInfoDlg"/>
        <HasResources Value="True"/>
        <ResourceBaseClass Value="Form"/>
      </Unit10>
      <Unit11>
        <Filename Value="testinfo.pas"/>
        <IsPartOfProject Value="True"/>
        <ComponentName Value="TestInfoDlg"/>
        <HasResources Value="True"/>
        <ResourceBaseClass Value="Form"/>
      </Unit11>
      <Unit12>
        <Filename Value="testerforms.pas"/>
        <IsPartOfProject Value="True"/>
        <ComponentName Value="TesterForm"/>
        <HasResources Value="True"/>
        <ResourceBaseClass Value="Form"/>
      </Unit12>
      <Unit13>
        <Filename Value="about.pas"/>
        <IsPartOfProject Value="True"/>
        <ComponentName Value="AboutBox"/>
        <HasResources Value="True"/>
        <ResourceBaseClass Value="Form"/>
      </Unit13>
      <Unit14>
        <Filename Value="licenseforms.pas"/>
        <IsPartOfProject Value="True"/>
        <ComponentName Value="LicenseForm"/>
        <HasResources Value="True"/>
        <ResourceBaseClass Value="Form"/>
      </Unit14>
      <Unit15>
        <Filename Value="imgkeeper.pas"/>
        <IsPartOfProject Value="True"/>
        <ComponentName Value="ImageKeeper"/>
        <HasResources Value="True"/>
        <ResourceBaseClass Value="DataModule"/>
      </Unit15>
      <Unit16>
        <Filename Value="testtemplatedlg.pas"/>
        <IsPartOfProject Value="True"/>
        <ComponentName Value="TestTemplateDialog"/>
        <HasResources Value="True"/>
        <ResourceBaseClass Value="Form"/>
      </Unit16>
      <Unit17>
        <Filename Value="parserforms.pas"/>
        <IsPartOfProject Value="True"/>
        <ComponentName Value="ParserForm"/>
        <HasResources Value="True"/>
        <ResourceBaseClass Value="Form"/>
      </Unit17>
      <Unit18>
        <Filename Value="textcheckedit.pas"/>
        <IsPartOfProject Value="True"/>
        <ComponentName Value="TextCheckerEdit"/>
        <HasResources Value="True"/>
        <ResourceBaseClass Value="Frame"/>
      </Unit18>
      <Unit19>
        <Filename Value="editcostsdlg.pas"/>
        <IsPartOfProject Value="True"/>
        <ComponentName Value="EditCostsDialog"/>
        <HasResources Value="True"/>
        <ResourceBaseClass Value="Form"/>
      </Unit19>
      <Unit20>
        <Filename Value="baseforms.pas"/>
        <IsPartOfProject Value="True"/>
        <ComponentName Value="BaseForm"/>
        <HasResources Value="True"/>
        <ResourceBaseClass Value="Form"/>
      </Unit20>
      <Unit21>
        <Filename Value="solutioninfo.pas"/>
        <IsPartOfProject Value="True"/>
        <ComponentName Value="SolutionStatsDlg"/>
        <HasResources Value="True"/>
        <ResourceBaseClass Value="Form"/>
      </Unit21>
      <Unit22>
        <Filename Value="filecompcheckedit.pas"/>
        <IsPartOfProject Value="True"/>
        <ComponentName Value="FileCompareCheckerEdit"/>
        <HasResources Value="True"/>
        <ResourceBaseClass Value="Frame"/>
      </Unit22>
      <Unit23>
        <Filename Value="appinfo.pas"/>
        <IsPartOfProject Value="True"/>
      </Unit23>
    </Units>
  </ProjectOptions>
  <CompilerOptions>
    <Version Value="11"/>
    <Target>
      <Filename Value="tester-$(TargetCPU)-$(TargetOS)"/>
    </Target>
    <SearchPaths>
      <IncludeFiles Value="$(ProjOutDir)"/>
      <UnitOutputDirectory Value="lib/$(TargetCPU)-$(TargetOS)"/>
    </SearchPaths>
    <CodeGeneration>
      <SmartLinkUnit Value="True"/>
      <Optimizations>
        <OptimizationLevel Value="2"/>
      </Optimizations>
    </CodeGeneration>
    <Linking>
      <Debugging>
        <GenerateDebugInfo Value="False"/>
      </Debugging>
      <LinkSmart Value="True"/>
      <Options>
        <Win32>
          <GraphicApplication Value="True"/>
        </Win32>
      </Options>
    </Linking>
  </CompilerOptions>
</CONFIG>
