<?xml version="1.0" encoding="UTF-8"?>
<CONFIG>
  <ProjectOptions>
    <Version Value="10"/>
    <General>
      <SessionStorage Value="InProjectDir"/>
      <MainUnit Value="0"/>
      <Title Value="Tester"/>
      <ResourceType Value="res"/>
      <UseXPManifest Value="True"/>
      <Icon Value="0"/>
    </General>
    <i18n>
      <EnableI18N LFM="False"/>
    </i18n>
    <VersionInfo>
      <UseVersionInfo Value="True"/>
      <AutoIncrementBuild Value="True"/>
      <MajorVersionNr Value="1"/>
      <MinorVersionNr Value="2"/>
      <RevisionNr Value="1"/>
      <BuildNr Value="121"/>
      <Attributes pvaPreRelease="True"/>
      <StringTable Comments="Tester is a program to test the solutions for competitive programming problems locally." FileDescription="Tester" LegalCopyright="Copyright © 2017 Kernozhitsky Alexander" ProductName="Tester" ProductVersion="1.2.1 (prerelease)"/>
    </VersionInfo>
    <BuildModes Count="1">
      <Item1 Name="Default" Default="True"/>
    </BuildModes>
    <PublishOptions>
      <Version Value="2"/>
    </PublishOptions>
    <RunParams>
      <local>
        <FormatVersion Value="1"/>
        <LaunchingApplication Use="True"/>
      </local>
    </RunParams>
    <RequiredPackages Count="13">
      <Item1>
        <PackageName Value="tsgui_about"/>
      </Item1>
      <Item2>
        <PackageName Value="LazControls"/>
      </Item2>
      <Item3>
        <PackageName Value="tsgui_parsers"/>
      </Item3>
      <Item4>
        <PackageName Value="tsgui_testerform"/>
        <MaxVersion Major="1" Minor="2" Release="1"/>
      </Item4>
      <Item5>
        <PackageName Value="tsgui_propsedit"/>
      </Item5>
      <Item6>
        <PackageName Value="tsgui_utils"/>
      </Item6>
      <Item7>
        <PackageName Value="ts_parsers"/>
      </Item7>
      <Item8>
        <PackageName Value="ts_export"/>
      </Item8>
      <Item9>
        <PackageName Value="ts_design"/>
      </Item9>
      <Item10>
        <PackageName Value="ts_testerbase"/>
      </Item10>
      <Item11>
        <PackageName Value="ts_testerutil"/>
      </Item11>
      <Item12>
        <PackageName Value="ts_timerlib"/>
      </Item12>
      <Item13>
        <PackageName Value="LCL"/>
      </Item13>
    </RequiredPackages>
    <Units Count="2">
      <Unit0>
        <Filename Value="tester.lpr"/>
        <IsPartOfProject Value="True"/>
      </Unit0>
      <Unit1>
        <Filename Value="mainunit.pas"/>
        <IsPartOfProject Value="True"/>
        <ComponentName Value="MainForm"/>
        <HasResources Value="True"/>
        <ResourceBaseClass Value="Form"/>
      </Unit1>
    </Units>
  </ProjectOptions>
  <CompilerOptions>
    <Version Value="11"/>
    <Target>
      <Filename Value="tester-$(TargetCPU)-$(TargetOS)"/>
    </Target>
    <SearchPaths>
      <IncludeFiles Value="$(ProjOutDir)"/>
      <UnitOutputDirectory Value="lib/$(TargetCPU)-$(TargetOS)"/>
    </SearchPaths>
    <CodeGeneration>
      <SmartLinkUnit Value="True"/>
      <Optimizations>
        <OptimizationLevel Value="2"/>
      </Optimizations>
    </CodeGeneration>
    <Linking>
      <Debugging>
        <GenerateDebugInfo Value="False"/>
      </Debugging>
      <LinkSmart Value="True"/>
      <Options>
        <Win32>
          <GraphicApplication Value="True"/>
        </Win32>
      </Options>
    </Linking>
  </CompilerOptions>
</CONFIG>
